# THIS IS AN AUTOGENERATED FILE. DO NOT EDIT THIS FILE DIRECTLY.
# yarn lockfile v1


"@hummer/tenon-dev-tool@^0.2.2":
  version "0.2.2"
  resolved "https://registry.yarnpkg.com/@hummer/tenon-dev-tool/-/tenon-dev-tool-0.2.2.tgz#68b4cddff8e7bef5a5a7580da5fcff5e14b6a663"
  integrity sha512-nC9xELSKLGFCnzlF9heDfn4WutDqX1XeMOHgL6mBMkeUUJshL24PWLLu6jyRwj4JBRLRprfx1i9+u4xNUODKuw==

"@hummer/tenon-store@^1.0.0":
  version "1.4.0"
  resolved "https://registry.yarnpkg.com/@hummer/tenon-store/-/tenon-store-1.4.0.tgz#f8e6d81ddd5020d7428692a02a5ddfba95ce0df3"
  integrity sha512-TbYwST1qt6Rtzvqhs83mzqMh+6gaE2iMRTZGgWKqT5VipoUZSDCiqnPZr+ZK0Edb+ZSobqBX7IOlOSmXg4PY5g==

"@hummer/tenon-utils@^1.2.13":
  version "1.2.13"
  resolved "https://registry.yarnpkg.com/@hummer/tenon-utils/-/tenon-utils-1.2.13.tgz#a9b251214b592845000e49cf2b98402deab72e51"
  integrity sha512-XRqmbLixJwYoH0xQGI9b0cX25aZlccswMs1f/AskcQgSDWfr0luy5WHk5R1sfoWtJwMp34M76oB0HC3oS/Jknw==

"@hummer/tenon-vue@^1.7.0":
  version "1.8.1"
  resolved "https://registry.yarnpkg.com/@hummer/tenon-vue/-/tenon-vue-1.8.1.tgz#29d11f2e3350acde98dc242637318e7e4a3c83a5"
  integrity sha512-HJrftQo6307HTg67cpeIZDJQq5jjLpx+1m86cH97VcQJfxrWIIlj4tPWvmpZ8QaeKGhV97aHDdnzWJ3ucRPh1Q==
  dependencies:
    "@hummer/tenon-dev-tool" "^0.2.2"
    "@hummer/tenon-utils" "^1.2.13"
    "@vue/reactivity" "3.2.11"
    "@vue/runtime-core" "3.2.11"

"@vue/reactivity@3.2.11":
  version "3.2.11"
  resolved "https://registry.yarnpkg.com/@vue/reactivity/-/reactivity-3.2.11.tgz#ec04d33acaf2b92cca2960535bec81b26cc5772b"
  integrity sha512-hEQstxPQbgGZq5qApzrvbDmRdK1KP96O/j4XrwT8fVkT1ytkFs4fH2xNEh9QKwXfybbQkLs77W7OfXCv5o6qbA==
  dependencies:
    "@vue/shared" "3.2.11"

"@vue/runtime-core@3.2.11":
  version "3.2.11"
  resolved "https://registry.yarnpkg.com/@vue/runtime-core/-/runtime-core-3.2.11.tgz#0dbe801be4bd0bfde253226797e7d304c8fdda30"
  integrity sha512-horlxjWwSvModC87WdsWswzzHE5IexmKkQA65S5vFgP5hLUBW+HRyScDeuB/RRcFmqnf+ozacNCfap0kqcpODw==
  dependencies:
    "@vue/reactivity" "3.2.11"
    "@vue/shared" "3.2.11"

"@vue/shared@3.2.11":
  version "3.2.11"
  resolved "https://registry.yarnpkg.com/@vue/shared/-/shared-3.2.11.tgz#01899f54949caf1ac241de397bd17069632574de"
  integrity sha512-ovfXAsSsCvV9JVceWjkqC/7OF5HbgLOtCWjCIosmPGG8lxbPuavhIxRH1dTx4Dg9xLgRTNLvI3pVxG4ItQZekg==
